
Microsoft Visual Studio Solution File, Format Version 12.00
# Visual Studio Version 16
VisualStudioVersion = 16.0.30804.86
MinimumVisualStudioVersion = 10.0.40219.1
Project("{FAE04EC0-301F-11D3-BF4B-00C04F79EFBC}") = "HW3.17.21AdsWithLogin.Web", "HW3.17.21AdsWithLogin.Web\HW3.17.21AdsWithLogin.Web.csproj", "{C5AA522A-39E7-4E49-8973-23D0F4624D36}"
EndProject
Project("{FAE04EC0-301F-11D3-BF4B-00C04F79EFBC}") = "HW3.17.21AdsWithLogin.Data", "HW3.17.21AdsWithLogin.Data\HW3.17.21AdsWithLogin.Data.csproj", "{A238F832-2359-4E12-BD22-88B100F020F7}"
EndProject
Global
	GlobalSection(SolutionConfigurationPlatforms) = preSolution
		Debug|Any CPU = Debug|Any CPU
		Release|Any CPU = Release|Any CPU
	EndGlobalSection
	GlobalSection(ProjectConfigurationPlatforms) = postSolution
		{C5AA522A-39E7-4E49-8973-23D0F4624D36}.Debug|Any CPU.ActiveCfg = Debug|Any CPU
		{C5AA522A-39E7-4E49-8973-23D0F4624D36}.Debug|Any CPU.Build.0 = Debug|Any CPU
		{C5AA522A-39E7-4E49-8973-23D0F4624D36}.Release|Any CPU.ActiveCfg = Release|Any CPU
		{C5AA522A-39E7-4E49-8973-23D0F4624D36}.Release|Any CPU.Build.0 = Release|Any CPU
		{A238F832-2359-4E12-BD22-88B100F020F7}.Debug|Any CPU.ActiveCfg = Debug|Any CPU
		{A238F832-2359-4E12-BD22-88B100F020F7}.Debug|Any CPU.Build.0 = Debug|Any CPU
		{A238F832-2359-4E12-BD22-88B100F020F7}.Release|Any CPU.ActiveCfg = Release|Any CPU
		{A238F832-2359-4E12-BD22-88B100F020F7}.Release|Any CPU.Build.0 = Release|Any CPU
	EndGlobalSection
	GlobalSection(SolutionProperties) = preSolution
		HideSolutionNode = FALSE
	EndGlobalSection
	GlobalSection(ExtensibilityGlobals) = postSolution
		SolutionGuid = {0559B32A-F228-4007-A152-8607C00CE6A0}
	EndGlobalSection
EndGlobal
